# This file is automatically @generated by Cargo.
# It is not intended for manual editing.
version = 4

[[package]]
name = "sort_algorithms"
version = "0.3.5"
source = "registry+https://github.com/rust-lang/crates.io-index"
checksum = "c213e4e1eee008fb9f9e0fc008b19dc2c777325447ecf07047769817bc321752"

[[package]]
name = "stat509-sort-experiment"
version = "0.1.0"
dependencies = [
 "sort_algorithms",
]
